{
  "version": 4,
  "terraform_version": "1.8.5",
  "serial": 20,
  "lineage": "4edb062b-66fb-e5af-ebf3-1904c017e8c4",
  "outputs": {},
  "resources": [
    {
      "mode": "managed",
      "type": "google_service_account",
      "name": "composer_sa",
      "provider": "provider[\"registry.terraform.io/hashicorp/google\"]",
      "instances": [
        {
          "schema_version": 0,
          "attributes": {
            "account_id": "composer-service-account",
            "create_ignore_already_exists": null,
            "description": "",
            "disabled": false,
            "display_name": "Composer Service Account",
            "email": "composer-service-account@reliable-realm-432907-g1.iam.gserviceaccount.com",
            "id": "projects/reliable-realm-432907-g1/serviceAccounts/composer-service-account@reliable-realm-432907-g1.iam.gserviceaccount.com",
            "member": "serviceAccount:composer-service-account@reliable-realm-432907-g1.iam.gserviceaccount.com",
            "name": "projects/reliable-realm-432907-g1/serviceAccounts/composer-service-account@reliable-realm-432907-g1.iam.gserviceaccount.com",
            "project": "reliable-realm-432907-g1",
            "timeouts": null,
            "unique_id": "108705413289066825347"
          },
          "sensitive_attributes": [],
          "private": "eyJlMmJmYjczMC1lY2FhLTExZTYtOGY4OC0zNDM2M2JjN2M0YzAiOnsiY3JlYXRlIjozMDAwMDAwMDAwMDB9fQ=="
        }
      ]
    }
  ],
  "check_results": null
}
