{
  "version": 4,
  "terraform_version": "1.8.5",
  "serial": 32,
  "lineage": "4edb062b-66fb-e5af-ebf3-1904c017e8c4",
  "outputs": {},
  "resources": [
    {
      "mode": "managed",
      "type": "google_compute_network",
      "name": "vpc_network",
      "provider": "provider[\"registry.terraform.io/hashicorp/google\"]",
      "instances": [
        {
          "schema_version": 0,
          "attributes": {
            "auto_create_subnetworks": false,
            "delete_default_routes_on_create": false,
            "description": "The VPC we will use for composer and dataproc",
            "enable_ula_internal_ipv6": false,
            "gateway_ipv4": "",
            "id": "projects/reliable-realm-432907-g1/global/networks/composer-vpc-network",
            "internal_ipv6_range": "",
            "mtu": 0,
            "name": "composer-vpc-network",
            "network_firewall_policy_enforcement_order": "AFTER_CLASSIC_FIREWALL",
            "numeric_id": "4024855989804890644",
            "project": "reliable-realm-432907-g1",
            "routing_mode": "REGIONAL",
            "self_link": "https://www.googleapis.com/compute/v1/projects/reliable-realm-432907-g1/global/networks/composer-vpc-network",
            "timeouts": null
          },
          "sensitive_attributes": [],
          "private": "eyJlMmJmYjczMC1lY2FhLTExZTYtOGY4OC0zNDM2M2JjN2M0YzAiOnsiY3JlYXRlIjoxMjAwMDAwMDAwMDAwLCJkZWxldGUiOjEyMDAwMDAwMDAwMDAsInVwZGF0ZSI6MTIwMDAwMDAwMDAwMH19"
        }
      ]
    },
    {
      "mode": "managed",
      "type": "google_compute_subnetwork",
      "name": "subnet",
      "provider": "provider[\"registry.terraform.io/hashicorp/google\"]",
      "instances": [
        {
          "schema_version": 0,
          "attributes": {
            "creation_timestamp": "2024-08-18T02:55:22.990-07:00",
            "description": "",
            "external_ipv6_prefix": "",
            "fingerprint": null,
            "gateway_address": "10.0.0.1",
            "id": "projects/reliable-realm-432907-g1/regions/europe-west2/subnetworks/composer-subnet",
            "internal_ipv6_prefix": "",
            "ip_cidr_range": "10.0.0.0/24",
            "ipv6_access_type": "",
            "ipv6_cidr_range": "",
            "log_config": [],
            "name": "composer-subnet",
            "network": "https://www.googleapis.com/compute/v1/projects/reliable-realm-432907-g1/global/networks/composer-vpc-network",
            "private_ip_google_access": false,
            "private_ipv6_google_access": "DISABLE_GOOGLE_ACCESS",
            "project": "reliable-realm-432907-g1",
            "purpose": "PRIVATE",
            "region": "europe-west2",
            "role": "",
            "secondary_ip_range": [],
            "self_link": "https://www.googleapis.com/compute/v1/projects/reliable-realm-432907-g1/regions/europe-west2/subnetworks/composer-subnet",
            "stack_type": "IPV4_ONLY",
            "timeouts": null
          },
          "sensitive_attributes": [],
          "private": "eyJlMmJmYjczMC1lY2FhLTExZTYtOGY4OC0zNDM2M2JjN2M0YzAiOnsiY3JlYXRlIjoxMjAwMDAwMDAwMDAwLCJkZWxldGUiOjEyMDAwMDAwMDAwMDAsInVwZGF0ZSI6MTIwMDAwMDAwMDAwMH19",
          "dependencies": [
            "google_compute_network.vpc_network"
          ]
        }
      ]
    },
    {
      "mode": "managed",
      "type": "google_project_iam_member",
      "name": "composer-sa-roles",
      "provider": "provider[\"registry.terraform.io/hashicorp/google\"]",
      "instances": [
        {
          "index_key": "roles/composer.user",
          "schema_version": 0,
          "attributes": {
            "condition": [],
            "etag": "BwYf8jzivow=",
            "id": "reliable-realm-432907-g1/roles/composer.user/serviceAccount:composer-service-account@reliable-realm-432907-g1.iam.gserviceaccount.com",
            "member": "serviceAccount:composer-service-account@reliable-realm-432907-g1.iam.gserviceaccount.com",
            "project": "reliable-realm-432907-g1",
            "role": "roles/composer.user"
          },
          "sensitive_attributes": [],
          "private": "bnVsbA==",
          "dependencies": [
            "google_service_account.composer_sa"
          ]
        },
        {
          "index_key": "roles/dataproc.editor",
          "schema_version": 0,
          "attributes": {
            "condition": [],
            "etag": "BwYf8jzivow=",
            "id": "reliable-realm-432907-g1/roles/dataproc.editor/serviceAccount:composer-service-account@reliable-realm-432907-g1.iam.gserviceaccount.com",
            "member": "serviceAccount:composer-service-account@reliable-realm-432907-g1.iam.gserviceaccount.com",
            "project": "reliable-realm-432907-g1",
            "role": "roles/dataproc.editor"
          },
          "sensitive_attributes": [],
          "private": "bnVsbA==",
          "dependencies": [
            "google_service_account.composer_sa"
          ]
        },
        {
          "index_key": "roles/storage.admin",
          "schema_version": 0,
          "attributes": {
            "condition": [],
            "etag": "BwYf8jzivow=",
            "id": "reliable-realm-432907-g1/roles/storage.admin/serviceAccount:composer-service-account@reliable-realm-432907-g1.iam.gserviceaccount.com",
            "member": "serviceAccount:composer-service-account@reliable-realm-432907-g1.iam.gserviceaccount.com",
            "project": "reliable-realm-432907-g1",
            "role": "roles/storage.admin"
          },
          "sensitive_attributes": [],
          "private": "bnVsbA==",
          "dependencies": [
            "google_service_account.composer_sa"
          ]
        }
      ]
    },
    {
      "mode": "managed",
      "type": "google_service_account",
      "name": "composer_sa",
      "provider": "provider[\"registry.terraform.io/hashicorp/google\"]",
      "instances": [
        {
          "schema_version": 0,
          "attributes": {
            "account_id": "composer-service-account",
            "create_ignore_already_exists": null,
            "description": "",
            "disabled": false,
            "display_name": "Composer Service Account",
            "email": "composer-service-account@reliable-realm-432907-g1.iam.gserviceaccount.com",
            "id": "projects/reliable-realm-432907-g1/serviceAccounts/composer-service-account@reliable-realm-432907-g1.iam.gserviceaccount.com",
            "member": "serviceAccount:composer-service-account@reliable-realm-432907-g1.iam.gserviceaccount.com",
            "name": "projects/reliable-realm-432907-g1/serviceAccounts/composer-service-account@reliable-realm-432907-g1.iam.gserviceaccount.com",
            "project": "reliable-realm-432907-g1",
            "timeouts": null,
            "unique_id": "103961473341544759414"
          },
          "sensitive_attributes": [],
          "private": "eyJlMmJmYjczMC1lY2FhLTExZTYtOGY4OC0zNDM2M2JjN2M0YzAiOnsiY3JlYXRlIjozMDAwMDAwMDAwMDB9fQ=="
        }
      ]
    }
  ],
  "check_results": null
}
