{
  "version": 4,
  "terraform_version": "1.8.5",
  "serial": 13,
  "lineage": "4edb062b-66fb-e5af-ebf3-1904c017e8c4",
  "outputs": {},
  "resources": [
    {
      "mode": "managed",
      "type": "google_project_iam_member",
      "name": "composer-sa-roles",
      "provider": "provider[\"registry.terraform.io/hashicorp/google\"]",
      "instances": [
        {
          "index_key": "roles/composer.user",
          "schema_version": 0,
          "attributes": {
            "condition": [],
            "etag": "BwYf8dhbbzM=",
            "id": "reliable-realm-432907-g1/roles/composer.user/serviceAccount:composer-service-account@reliable-realm-432907-g1.iam.gserviceaccount.com",
            "member": "serviceAccount:composer-service-account@reliable-realm-432907-g1.iam.gserviceaccount.com",
            "project": "reliable-realm-432907-g1",
            "role": "roles/composer.user"
          },
          "sensitive_attributes": [],
          "private": "bnVsbA==",
          "dependencies": [
            "google_service_account.composer_sa"
          ]
        },
        {
          "index_key": "roles/dataproc.editor",
          "schema_version": 0,
          "attributes": {
            "condition": [],
            "etag": "BwYf8dhbbzM=",
            "id": "reliable-realm-432907-g1/roles/dataproc.editor/serviceAccount:composer-service-account@reliable-realm-432907-g1.iam.gserviceaccount.com",
            "member": "serviceAccount:composer-service-account@reliable-realm-432907-g1.iam.gserviceaccount.com",
            "project": "reliable-realm-432907-g1",
            "role": "roles/dataproc.editor"
          },
          "sensitive_attributes": [],
          "private": "bnVsbA==",
          "dependencies": [
            "google_service_account.composer_sa"
          ]
        },
        {
          "index_key": "roles/iam.securityAdmin",
          "schema_version": 0,
          "attributes": {
            "condition": [],
            "etag": "BwYf8dhbbzM=",
            "id": "reliable-realm-432907-g1/roles/iam.securityAdmin/serviceAccount:composer-service-account@reliable-realm-432907-g1.iam.gserviceaccount.com",
            "member": "serviceAccount:composer-service-account@reliable-realm-432907-g1.iam.gserviceaccount.com",
            "project": "reliable-realm-432907-g1",
            "role": "roles/iam.securityAdmin"
          },
          "sensitive_attributes": [],
          "private": "bnVsbA==",
          "dependencies": [
            "google_service_account.composer_sa"
          ]
        },
        {
          "index_key": "roles/storage.admin",
          "schema_version": 0,
          "attributes": {
            "condition": [],
            "etag": "BwYf8dhbbzM=",
            "id": "reliable-realm-432907-g1/roles/storage.admin/serviceAccount:composer-service-account@reliable-realm-432907-g1.iam.gserviceaccount.com",
            "member": "serviceAccount:composer-service-account@reliable-realm-432907-g1.iam.gserviceaccount.com",
            "project": "reliable-realm-432907-g1",
            "role": "roles/storage.admin"
          },
          "sensitive_attributes": [],
          "private": "bnVsbA==",
          "dependencies": [
            "google_service_account.composer_sa"
          ]
        }
      ]
    },
    {
      "mode": "managed",
      "type": "google_service_account",
      "name": "composer_sa",
      "provider": "provider[\"registry.terraform.io/hashicorp/google\"]",
      "instances": [
        {
          "schema_version": 0,
          "attributes": {
            "account_id": "composer-service-account",
            "create_ignore_already_exists": null,
            "description": "",
            "disabled": false,
            "display_name": "Composer Service Account",
            "email": "composer-service-account@reliable-realm-432907-g1.iam.gserviceaccount.com",
            "id": "projects/reliable-realm-432907-g1/serviceAccounts/composer-service-account@reliable-realm-432907-g1.iam.gserviceaccount.com",
            "member": "serviceAccount:composer-service-account@reliable-realm-432907-g1.iam.gserviceaccount.com",
            "name": "projects/reliable-realm-432907-g1/serviceAccounts/composer-service-account@reliable-realm-432907-g1.iam.gserviceaccount.com",
            "project": "reliable-realm-432907-g1",
            "timeouts": null,
            "unique_id": "108705413289066825347"
          },
          "sensitive_attributes": [],
          "private": "eyJlMmJmYjczMC1lY2FhLTExZTYtOGY4OC0zNDM2M2JjN2M0YzAiOnsiY3JlYXRlIjozMDAwMDAwMDAwMDB9fQ=="
        }
      ]
    }
  ],
  "check_results": null
}
